// !$*UTF8*$!
{
	archiveVersion = 1;
	classes = {
	};
	objectVersion = 56;
	objects = {

/* Begin PBXBuildFile section */
		5C971BF52B6902D900E78452 /* DiaryOfAn8BitMage-lYDD.ttf in Resources */ = {isa = PBXBuildFile; fileRef = 5C971BF42B6902D900E78452 /* DiaryOfAn8BitMage-lYDD.ttf */; };
		5C971BF62B6902D900E78452 /* DiaryOfAn8BitMage-lYDD.ttf in Resources */ = {isa = PBXBuildFile; fileRef = 5C971BF42B6902D900E78452 /* DiaryOfAn8BitMage-lYDD.ttf */; };
		5C971BF72B6902D900E78452 /* DiaryOfAn8BitMage-lYDD.ttf in Resources */ = {isa = PBXBuildFile; fileRef = 5C971BF42B6902D900E78452 /* DiaryOfAn8BitMage-lYDD.ttf */; };
		5C971BF92B6902EE00E78452 /* KindlyRewind-BOon.ttf in Resources */ = {isa = PBXBuildFile; fileRef = 5C971BF82B6902EE00E78452 /* KindlyRewind-BOon.ttf */; };
		5C971BFA2B6902EE00E78452 /* KindlyRewind-BOon.ttf in Resources */ = {isa = PBXBuildFile; fileRef = 5C971BF82B6902EE00E78452 /* KindlyRewind-BOon.ttf */; };
		5C971BFB2B6902EE00E78452 /* KindlyRewind-BOon.ttf in Resources */ = {isa = PBXBuildFile; fileRef = 5C971BF82B6902EE00E78452 /* KindlyRewind-BOon.ttf */; };
		5C971BFC2B69031800E78452 /* onboarding3.gif in Resources */ = {isa = PBXBuildFile; fileRef = 5CED08EF2B68E56700E84CC1 /* onboarding3.gif */; };
		5C971BFD2B69031800E78452 /* onboarding3.gif in Resources */ = {isa = PBXBuildFile; fileRef = 5CED08EF2B68E56700E84CC1 /* onboarding3.gif */; };
		5C971BFE2B69031E00E78452 /* onboarding4.gif in Resources */ = {isa = PBXBuildFile; fileRef = 5CED08F42B68E5AA00E84CC1 /* onboarding4.gif */; };
		5C971BFF2B69031E00E78452 /* onboarding4.gif in Resources */ = {isa = PBXBuildFile; fileRef = 5CED08F42B68E5AA00E84CC1 /* onboarding4.gif */; };
		5C971C002B69032000E78452 /* onboarding7.gif in Resources */ = {isa = PBXBuildFile; fileRef = 5CED08FA2B68E5D800E84CC1 /* onboarding7.gif */; };
		5C971C012B69032100E78452 /* onboarding7.gif in Resources */ = {isa = PBXBuildFile; fileRef = 5CED08FA2B68E5D800E84CC1 /* onboarding7.gif */; };
		5C971C022B69032300E78452 /* onboarding6.gif in Resources */ = {isa = PBXBuildFile; fileRef = 5CED08F82B68E5CC00E84CC1 /* onboarding6.gif */; };
		5C971C032B69032300E78452 /* onboarding6.gif in Resources */ = {isa = PBXBuildFile; fileRef = 5CED08F82B68E5CC00E84CC1 /* onboarding6.gif */; };
		5C971C042B69032500E78452 /* onboarding1.gif in Resources */ = {isa = PBXBuildFile; fileRef = 5CED08FC2B68E5E400E84CC1 /* onboarding1.gif */; };
		5C971C052B69032500E78452 /* onboarding1.gif in Resources */ = {isa = PBXBuildFile; fileRef = 5CED08FC2B68E5E400E84CC1 /* onboarding1.gif */; };
		5C971C062B69032700E78452 /* onboarding5.gif in Resources */ = {isa = PBXBuildFile; fileRef = 5CED08F62B68E5BB00E84CC1 /* onboarding5.gif */; };
		5C971C072B69032800E78452 /* onboarding5.gif in Resources */ = {isa = PBXBuildFile; fileRef = 5CED08F62B68E5BB00E84CC1 /* onboarding5.gif */; };
		5C971C0D2B6906E200E78452 /* onboarding.wav in Resources */ = {isa = PBXBuildFile; fileRef = 5C971C0C2B6906E200E78452 /* onboarding.wav */; };
		5C971C0E2B6906E200E78452 /* onboarding.wav in Resources */ = {isa = PBXBuildFile; fileRef = 5C971C0C2B6906E200E78452 /* onboarding.wav */; };
		5C971C0F2B6906E200E78452 /* onboarding.wav in Resources */ = {isa = PBXBuildFile; fileRef = 5C971C0C2B6906E200E78452 /* onboarding.wav */; };
		5C971C112B6906F600E78452 /* normalforest.wav in Resources */ = {isa = PBXBuildFile; fileRef = 5C971C102B6906F600E78452 /* normalforest.wav */; };
		5C971C122B6906F600E78452 /* normalforest.wav in Resources */ = {isa = PBXBuildFile; fileRef = 5C971C102B6906F600E78452 /* normalforest.wav */; };
		5C971C132B6906F600E78452 /* normalforest.wav in Resources */ = {isa = PBXBuildFile; fileRef = 5C971C102B6906F600E78452 /* normalforest.wav */; };
		5C971C152B6906FC00E78452 /* goodending.wav in Resources */ = {isa = PBXBuildFile; fileRef = 5C971C142B6906FC00E78452 /* goodending.wav */; };
		5C971C162B6906FC00E78452 /* goodending.wav in Resources */ = {isa = PBXBuildFile; fileRef = 5C971C142B6906FC00E78452 /* goodending.wav */; };
		5C971C172B6906FC00E78452 /* goodending.wav in Resources */ = {isa = PBXBuildFile; fileRef = 5C971C142B6906FC00E78452 /* goodending.wav */; };
		5C971C192B69070900E78452 /* librarypuzzle.mp3 in Resources */ = {isa = PBXBuildFile; fileRef = 5C971C182B69070900E78452 /* librarypuzzle.mp3 */; };
		5C971C1A2B69070900E78452 /* librarypuzzle.mp3 in Resources */ = {isa = PBXBuildFile; fileRef = 5C971C182B69070900E78452 /* librarypuzzle.mp3 */; };
		5C971C1B2B69070900E78452 /* librarypuzzle.mp3 in Resources */ = {isa = PBXBuildFile; fileRef = 5C971C182B69070900E78452 /* librarypuzzle.mp3 */; };
		5C971C1D2B69070E00E78452 /* mainpage.mp3 in Resources */ = {isa = PBXBuildFile; fileRef = 5C971C1C2B69070E00E78452 /* mainpage.mp3 */; };
		5C971C1E2B69070E00E78452 /* mainpage.mp3 in Resources */ = {isa = PBXBuildFile; fileRef = 5C971C1C2B69070E00E78452 /* mainpage.mp3 */; };
		5C971C1F2B69070E00E78452 /* mainpage.mp3 in Resources */ = {isa = PBXBuildFile; fileRef = 5C971C1C2B69070E00E78452 /* mainpage.mp3 */; };
		5C971C212B69075500E78452 /* badending.wav in Resources */ = {isa = PBXBuildFile; fileRef = 5C971C202B69075500E78452 /* badending.wav */; };
		5C971C222B69075500E78452 /* badending.wav in Resources */ = {isa = PBXBuildFile; fileRef = 5C971C202B69075500E78452 /* badending.wav */; };
		5C971C232B69075500E78452 /* badending.wav in Resources */ = {isa = PBXBuildFile; fileRef = 5C971C202B69075500E78452 /* badending.wav */; };
		5C971C252B69078600E78452 /* credits.wav in Resources */ = {isa = PBXBuildFile; fileRef = 5C971C242B69078600E78452 /* credits.wav */; };
		5C971C262B69078600E78452 /* credits.wav in Resources */ = {isa = PBXBuildFile; fileRef = 5C971C242B69078600E78452 /* credits.wav */; };
		5C971C272B69078600E78452 /* credits.wav in Resources */ = {isa = PBXBuildFile; fileRef = 5C971C242B69078600E78452 /* credits.wav */; };
		5CED08F02B68E56700E84CC1 /* onboarding3.gif in Resources */ = {isa = PBXBuildFile; fileRef = 5CED08EF2B68E56700E84CC1 /* onboarding3.gif */; };
		5CED08F52B68E5AA00E84CC1 /* onboarding4.gif in Resources */ = {isa = PBXBuildFile; fileRef = 5CED08F42B68E5AA00E84CC1 /* onboarding4.gif */; };
		5CED08F72B68E5BB00E84CC1 /* onboarding5.gif in Resources */ = {isa = PBXBuildFile; fileRef = 5CED08F62B68E5BB00E84CC1 /* onboarding5.gif */; };
		5CED08F92B68E5CC00E84CC1 /* onboarding6.gif in Resources */ = {isa = PBXBuildFile; fileRef = 5CED08F82B68E5CC00E84CC1 /* onboarding6.gif */; };
		5CED08FB2B68E5D800E84CC1 /* onboarding7.gif in Resources */ = {isa = PBXBuildFile; fileRef = 5CED08FA2B68E5D800E84CC1 /* onboarding7.gif */; };
		5CED08FD2B68E5E400E84CC1 /* onboarding1.gif in Resources */ = {isa = PBXBuildFile; fileRef = 5CED08FC2B68E5E400E84CC1 /* onboarding1.gif */; };
		5CFAC00C2B67BBC2007BB7EF /* AppDelegate.swift in Sources */ = {isa = PBXBuildFile; fileRef = 5CFAC00B2B67BBC2007BB7EF /* AppDelegate.swift */; };
		5CFAC00E2B67BBC2007BB7EF /* GameScene.sks in Resources */ = {isa = PBXBuildFile; fileRef = 5CFAC00D2B67BBC2007BB7EF /* GameScene.sks */; };
		5CFAC0102B67BBC2007BB7EF /* Actions.sks in Resources */ = {isa = PBXBuildFile; fileRef = 5CFAC00F2B67BBC2007BB7EF /* Actions.sks */; };
		5CFAC0122B67BBC2007BB7EF /* GameScene.swift in Sources */ = {isa = PBXBuildFile; fileRef = 5CFAC0112B67BBC2007BB7EF /* GameScene.swift */; };
		5CFAC0142B67BBC2007BB7EF /* GameViewController.swift in Sources */ = {isa = PBXBuildFile; fileRef = 5CFAC0132B67BBC2007BB7EF /* GameViewController.swift */; };
		5CFAC0172B67BBC2007BB7EF /* Main.storyboard in Resources */ = {isa = PBXBuildFile; fileRef = 5CFAC0152B67BBC2007BB7EF /* Main.storyboard */; };
		5CFAC0192B67BBC3007BB7EF /* Assets.xcassets in Resources */ = {isa = PBXBuildFile; fileRef = 5CFAC0182B67BBC3007BB7EF /* Assets.xcassets */; };
		5CFAC01C2B67BBC3007BB7EF /* LaunchScreen.storyboard in Resources */ = {isa = PBXBuildFile; fileRef = 5CFAC01A2B67BBC3007BB7EF /* LaunchScreen.storyboard */; };
		5CFAC0262B67BBC3007BB7EF /* qaTests.swift in Sources */ = {isa = PBXBuildFile; fileRef = 5CFAC0252B67BBC3007BB7EF /* qaTests.swift */; };
		5CFAC0302B67BBC3007BB7EF /* qaUITests.swift in Sources */ = {isa = PBXBuildFile; fileRef = 5CFAC02F2B67BBC3007BB7EF /* qaUITests.swift */; };
		5CFAC0322B67BBC3007BB7EF /* qaUITestsLaunchTests.swift in Sources */ = {isa = PBXBuildFile; fileRef = 5CFAC0312B67BBC3007BB7EF /* qaUITestsLaunchTests.swift */; };
		73D079FF2B71016500E18671 /* Onboarding1View.swift in Sources */ = {isa = PBXBuildFile; fileRef = 73D079F42B71016400E18671 /* Onboarding1View.swift */; };
		73D07A002B71016500E18671 /* LoadingView.swift in Sources */ = {isa = PBXBuildFile; fileRef = 73D079F52B71016400E18671 /* LoadingView.swift */; };
		73D07A022B71016500E18671 /* GameScene1View.swift in Sources */ = {isa = PBXBuildFile; fileRef = 73D079F72B71016400E18671 /* GameScene1View.swift */; };
		73D07A032B71016500E18671 /* Onboarding7View.swift in Sources */ = {isa = PBXBuildFile; fileRef = 73D079F82B71016400E18671 /* Onboarding7View.swift */; };
		73D07A042B71016500E18671 /* Onboarding2View.swift in Sources */ = {isa = PBXBuildFile; fileRef = 73D079F92B71016400E18671 /* Onboarding2View.swift */; };
		73D07A052B71016500E18671 /* Onboarding5View.swift in Sources */ = {isa = PBXBuildFile; fileRef = 73D079FA2B71016400E18671 /* Onboarding5View.swift */; };
		73D07A062B71016500E18671 /* PrologueView.swift in Sources */ = {isa = PBXBuildFile; fileRef = 73D079FB2B71016400E18671 /* PrologueView.swift */; };
		73D07A072B71016500E18671 /* Onboarding4View.swift in Sources */ = {isa = PBXBuildFile; fileRef = 73D079FC2B71016500E18671 /* Onboarding4View.swift */; };
		73D07A082B71016500E18671 /* Onboarding3View.swift in Sources */ = {isa = PBXBuildFile; fileRef = 73D079FD2B71016500E18671 /* Onboarding3View.swift */; };
		73D07A092B71016500E18671 /* Onboarding6View.swift in Sources */ = {isa = PBXBuildFile; fileRef = 73D079FE2B71016500E18671 /* Onboarding6View.swift */; };
		73D07A0B2B71041300E18671 /* onboarding2.gif in Resources */ = {isa = PBXBuildFile; fileRef = 73D07A0A2B71041300E18671 /* onboarding2.gif */; };
		73D07A0D2B7106AE00E18671 /* OnboardingMainView.swift in Sources */ = {isa = PBXBuildFile; fileRef = 73D07A0C2B7106AE00E18671 /* OnboardingMainView.swift */; };
/* End PBXBuildFile section */

/* Begin PBXContainerItemProxy section */
		5CFAC0222B67BBC3007BB7EF /* PBXContainerItemProxy */ = {
			isa = PBXContainerItemProxy;
			containerPortal = 5CFAC0002B67BBC2007BB7EF /* Project object */;
			proxyType = 1;
			remoteGlobalIDString = 5CFAC0072B67BBC2007BB7EF;
			remoteInfo = qa;
		};
		5CFAC02C2B67BBC3007BB7EF /* PBXContainerItemProxy */ = {
			isa = PBXContainerItemProxy;
			containerPortal = 5CFAC0002B67BBC2007BB7EF /* Project object */;
			proxyType = 1;
			remoteGlobalIDString = 5CFAC0072B67BBC2007BB7EF;
			remoteInfo = qa;
		};
/* End PBXContainerItemProxy section */

/* Begin PBXFileReference section */
		5C971BF42B6902D900E78452 /* DiaryOfAn8BitMage-lYDD.ttf */ = {isa = PBXFileReference; lastKnownFileType = file; path = "DiaryOfAn8BitMage-lYDD.ttf"; sourceTree = "<group>"; };
		5C971BF82B6902EE00E78452 /* KindlyRewind-BOon.ttf */ = {isa = PBXFileReference; lastKnownFileType = file; path = "KindlyRewind-BOon.ttf"; sourceTree = "<group>"; };
		5C971C0A2B69046B00E78452 /* Info.plist */ = {isa = PBXFileReference; lastKnownFileType = text.plist; path = Info.plist; sourceTree = "<group>"; };
		5C971C0C2B6906E200E78452 /* onboarding.wav */ = {isa = PBXFileReference; lastKnownFileType = audio.wav; path = onboarding.wav; sourceTree = "<group>"; };
		5C971C102B6906F600E78452 /* normalforest.wav */ = {isa = PBXFileReference; lastKnownFileType = audio.wav; path = normalforest.wav; sourceTree = "<group>"; };
		5C971C142B6906FC00E78452 /* goodending.wav */ = {isa = PBXFileReference; lastKnownFileType = audio.wav; path = goodending.wav; sourceTree = "<group>"; };
		5C971C182B69070900E78452 /* librarypuzzle.mp3 */ = {isa = PBXFileReference; lastKnownFileType = audio.mp3; path = librarypuzzle.mp3; sourceTree = "<group>"; };
		5C971C1C2B69070E00E78452 /* mainpage.mp3 */ = {isa = PBXFileReference; lastKnownFileType = audio.mp3; path = mainpage.mp3; sourceTree = "<group>"; };
		5C971C202B69075500E78452 /* badending.wav */ = {isa = PBXFileReference; lastKnownFileType = audio.wav; path = badending.wav; sourceTree = "<group>"; };
		5C971C242B69078600E78452 /* credits.wav */ = {isa = PBXFileReference; lastKnownFileType = audio.wav; path = credits.wav; sourceTree = "<group>"; };
		5CED08EF2B68E56700E84CC1 /* onboarding3.gif */ = {isa = PBXFileReference; lastKnownFileType = image.gif; path = onboarding3.gif; sourceTree = "<group>"; };
		5CED08F42B68E5AA00E84CC1 /* onboarding4.gif */ = {isa = PBXFileReference; lastKnownFileType = image.gif; path = onboarding4.gif; sourceTree = "<group>"; };
		5CED08F62B68E5BB00E84CC1 /* onboarding5.gif */ = {isa = PBXFileReference; lastKnownFileType = image.gif; path = onboarding5.gif; sourceTree = "<group>"; };
		5CED08F82B68E5CC00E84CC1 /* onboarding6.gif */ = {isa = PBXFileReference; lastKnownFileType = image.gif; path = onboarding6.gif; sourceTree = "<group>"; };
		5CED08FA2B68E5D800E84CC1 /* onboarding7.gif */ = {isa = PBXFileReference; lastKnownFileType = image.gif; path = onboarding7.gif; sourceTree = "<group>"; };
		5CED08FC2B68E5E400E84CC1 /* onboarding1.gif */ = {isa = PBXFileReference; lastKnownFileType = image.gif; path = onboarding1.gif; sourceTree = "<group>"; };
		5CFAC0082B67BBC2007BB7EF /* qa.app */ = {isa = PBXFileReference; explicitFileType = wrapper.application; includeInIndex = 0; path = qa.app; sourceTree = BUILT_PRODUCTS_DIR; };
		5CFAC00B2B67BBC2007BB7EF /* AppDelegate.swift */ = {isa = PBXFileReference; lastKnownFileType = sourcecode.swift; path = AppDelegate.swift; sourceTree = "<group>"; };
		5CFAC00D2B67BBC2007BB7EF /* GameScene.sks */ = {isa = PBXFileReference; lastKnownFileType = file.sks; path = GameScene.sks; sourceTree = "<group>"; };
		5CFAC00F2B67BBC2007BB7EF /* Actions.sks */ = {isa = PBXFileReference; lastKnownFileType = file.sks; path = Actions.sks; sourceTree = "<group>"; };
		5CFAC0112B67BBC2007BB7EF /* GameScene.swift */ = {isa = PBXFileReference; lastKnownFileType = sourcecode.swift; path = GameScene.swift; sourceTree = "<group>"; };
		5CFAC0132B67BBC2007BB7EF /* GameViewController.swift */ = {isa = PBXFileReference; lastKnownFileType = sourcecode.swift; path = GameViewController.swift; sourceTree = "<group>"; };
		5CFAC0162B67BBC2007BB7EF /* Base */ = {isa = PBXFileReference; lastKnownFileType = file.storyboard; name = Base; path = Base.lproj/Main.storyboard; sourceTree = "<group>"; };
		5CFAC0182B67BBC3007BB7EF /* Assets.xcassets */ = {isa = PBXFileReference; lastKnownFileType = folder.assetcatalog; path = Assets.xcassets; sourceTree = "<group>"; };
		5CFAC01B2B67BBC3007BB7EF /* Base */ = {isa = PBXFileReference; lastKnownFileType = file.storyboard; name = Base; path = Base.lproj/LaunchScreen.storyboard; sourceTree = "<group>"; };
		5CFAC0212B67BBC3007BB7EF /* qaTests.xctest */ = {isa = PBXFileReference; explicitFileType = wrapper.cfbundle; includeInIndex = 0; path = qaTests.xctest; sourceTree = BUILT_PRODUCTS_DIR; };
		5CFAC0252B67BBC3007BB7EF /* qaTests.swift */ = {isa = PBXFileReference; lastKnownFileType = sourcecode.swift; path = qaTests.swift; sourceTree = "<group>"; };
		5CFAC02B2B67BBC3007BB7EF /* qaUITests.xctest */ = {isa = PBXFileReference; explicitFileType = wrapper.cfbundle; includeInIndex = 0; path = qaUITests.xctest; sourceTree = BUILT_PRODUCTS_DIR; };
		5CFAC02F2B67BBC3007BB7EF /* qaUITests.swift */ = {isa = PBXFileReference; lastKnownFileType = sourcecode.swift; path = qaUITests.swift; sourceTree = "<group>"; };
		5CFAC0312B67BBC3007BB7EF /* qaUITestsLaunchTests.swift */ = {isa = PBXFileReference; lastKnownFileType = sourcecode.swift; path = qaUITestsLaunchTests.swift; sourceTree = "<group>"; };
		73D079F42B71016400E18671 /* Onboarding1View.swift */ = {isa = PBXFileReference; fileEncoding = 4; lastKnownFileType = sourcecode.swift; path = Onboarding1View.swift; sourceTree = "<group>"; };
		73D079F52B71016400E18671 /* LoadingView.swift */ = {isa = PBXFileReference; fileEncoding = 4; lastKnownFileType = sourcecode.swift; path = LoadingView.swift; sourceTree = "<group>"; };
		73D079F72B71016400E18671 /* GameScene1View.swift */ = {isa = PBXFileReference; fileEncoding = 4; lastKnownFileType = sourcecode.swift; path = GameScene1View.swift; sourceTree = "<group>"; };
		73D079F82B71016400E18671 /* Onboarding7View.swift */ = {isa = PBXFileReference; fileEncoding = 4; lastKnownFileType = sourcecode.swift; path = Onboarding7View.swift; sourceTree = "<group>"; };
		73D079F92B71016400E18671 /* Onboarding2View.swift */ = {isa = PBXFileReference; fileEncoding = 4; lastKnownFileType = sourcecode.swift; path = Onboarding2View.swift; sourceTree = "<group>"; };
		73D079FA2B71016400E18671 /* Onboarding5View.swift */ = {isa = PBXFileReference; fileEncoding = 4; lastKnownFileType = sourcecode.swift; path = Onboarding5View.swift; sourceTree = "<group>"; };
		73D079FB2B71016400E18671 /* PrologueView.swift */ = {isa = PBXFileReference; fileEncoding = 4; lastKnownFileType = sourcecode.swift; path = PrologueView.swift; sourceTree = "<group>"; };
		73D079FC2B71016500E18671 /* Onboarding4View.swift */ = {isa = PBXFileReference; fileEncoding = 4; lastKnownFileType = sourcecode.swift; path = Onboarding4View.swift; sourceTree = "<group>"; };
		73D079FD2B71016500E18671 /* Onboarding3View.swift */ = {isa = PBXFileReference; fileEncoding = 4; lastKnownFileType = sourcecode.swift; path = Onboarding3View.swift; sourceTree = "<group>"; };
		73D079FE2B71016500E18671 /* Onboarding6View.swift */ = {isa = PBXFileReference; fileEncoding = 4; lastKnownFileType = sourcecode.swift; path = Onboarding6View.swift; sourceTree = "<group>"; };
		73D07A0A2B71041300E18671 /* onboarding2.gif */ = {isa = PBXFileReference; lastKnownFileType = image.gif; path = onboarding2.gif; sourceTree = "<group>"; };
		73D07A0C2B7106AE00E18671 /* OnboardingMainView.swift */ = {isa = PBXFileReference; lastKnownFileType = sourcecode.swift; path = OnboardingMainView.swift; sourceTree = "<group>"; };
/* End PBXFileReference section */

/* Begin PBXFrameworksBuildPhase section */
		5CFAC0052B67BBC2007BB7EF /* Frameworks */ = {
			isa = PBXFrameworksBuildPhase;
			buildActionMask = 2147483647;
			files = (
			);
			runOnlyForDeploymentPostprocessing = 0;
		};
		5CFAC01E2B67BBC3007BB7EF /* Frameworks */ = {
			isa = PBXFrameworksBuildPhase;
			buildActionMask = 2147483647;
			files = (
			);
			runOnlyForDeploymentPostprocessing = 0;
		};
		5CFAC0282B67BBC3007BB7EF /* Frameworks */ = {
			isa = PBXFrameworksBuildPhase;
			buildActionMask = 2147483647;
			files = (
			);
			runOnlyForDeploymentPostprocessing = 0;
		};
/* End PBXFrameworksBuildPhase section */

/* Begin PBXGroup section */
		5C971BF32B69027500E78452 /* fonts */ = {
			isa = PBXGroup;
			children = (
				5C971BF82B6902EE00E78452 /* KindlyRewind-BOon.ttf */,
				5C971BF42B6902D900E78452 /* DiaryOfAn8BitMage-lYDD.ttf */,
			);
			path = fonts;
			sourceTree = "<group>";
		};
		5C971C0B2B6906BF00E78452 /* sounds */ = {
			isa = PBXGroup;
			children = (
				5C971C102B6906F600E78452 /* normalforest.wav */,
				5C971C202B69075500E78452 /* badending.wav */,
				5C971C242B69078600E78452 /* credits.wav */,
				5C971C1C2B69070E00E78452 /* mainpage.mp3 */,
				5C971C142B6906FC00E78452 /* goodending.wav */,
				5C971C182B69070900E78452 /* librarypuzzle.mp3 */,
				5C971C0C2B6906E200E78452 /* onboarding.wav */,
			);
			path = sounds;
			sourceTree = "<group>";
		};
		5CED08F32B68E58E00E84CC1 /* GIFS */ = {
			isa = PBXGroup;
			children = (
				73D07A0A2B71041300E18671 /* onboarding2.gif */,
				5CED08F42B68E5AA00E84CC1 /* onboarding4.gif */,
				5CED08EF2B68E56700E84CC1 /* onboarding3.gif */,
				5CED08FA2B68E5D800E84CC1 /* onboarding7.gif */,
				5CED08F82B68E5CC00E84CC1 /* onboarding6.gif */,
				5CED08FC2B68E5E400E84CC1 /* onboarding1.gif */,
				5CED08F62B68E5BB00E84CC1 /* onboarding5.gif */,
			);
			path = GIFS;
			sourceTree = "<group>";
		};
		5CFABFFF2B67BBC2007BB7EF = {
			isa = PBXGroup;
			children = (
				5CFAC00A2B67BBC2007BB7EF /* qa */,
				5CFAC0242B67BBC3007BB7EF /* qaTests */,
				5CFAC02E2B67BBC3007BB7EF /* qaUITests */,
				5CFAC0092B67BBC2007BB7EF /* Products */,
			);
			sourceTree = "<group>";
		};
		5CFAC0092B67BBC2007BB7EF /* Products */ = {
			isa = PBXGroup;
			children = (
				5CFAC0082B67BBC2007BB7EF /* qa.app */,
				5CFAC0212B67BBC3007BB7EF /* qaTests.xctest */,
				5CFAC02B2B67BBC3007BB7EF /* qaUITests.xctest */,
			);
			name = Products;
			sourceTree = "<group>";
		};
		5CFAC00A2B67BBC2007BB7EF /* qa */ = {
			isa = PBXGroup;
			children = (
				5C971C0A2B69046B00E78452 /* Info.plist */,
				5CFAC00B2B67BBC2007BB7EF /* AppDelegate.swift */,
				5CFAC00D2B67BBC2007BB7EF /* GameScene.sks */,
				5CFAC00F2B67BBC2007BB7EF /* Actions.sks */,
				5CFAC0112B67BBC2007BB7EF /* GameScene.swift */,
				5CFAC0132B67BBC2007BB7EF /* GameViewController.swift */,
				73D07A0C2B7106AE00E18671 /* OnboardingMainView.swift */,
				73D079FB2B71016400E18671 /* PrologueView.swift */,
				73D079F42B71016400E18671 /* Onboarding1View.swift */,
				73D079F92B71016400E18671 /* Onboarding2View.swift */,
				73D079FD2B71016500E18671 /* Onboarding3View.swift */,
				73D079FC2B71016500E18671 /* Onboarding4View.swift */,
				73D079FA2B71016400E18671 /* Onboarding5View.swift */,
				73D079FE2B71016500E18671 /* Onboarding6View.swift */,
				73D079F82B71016400E18671 /* Onboarding7View.swift */,
				73D079F52B71016400E18671 /* LoadingView.swift */,
				73D079F72B71016400E18671 /* GameScene1View.swift */,
				5CFAC0152B67BBC2007BB7EF /* Main.storyboard */,
				5CFAC0182B67BBC3007BB7EF /* Assets.xcassets */,
				5C971C0B2B6906BF00E78452 /* sounds */,
				5C971BF32B69027500E78452 /* fonts */,
				5CED08F32B68E58E00E84CC1 /* GIFS */,
				5CFAC01A2B67BBC3007BB7EF /* LaunchScreen.storyboard */,
			);
			path = qa;
			sourceTree = "<group>";
		};
		5CFAC0242B67BBC3007BB7EF /* qaTests */ = {
			isa = PBXGroup;
			children = (
				5CFAC0252B67BBC3007BB7EF /* qaTests.swift */,
			);
			path = qaTests;
			sourceTree = "<group>";
		};
		5CFAC02E2B67BBC3007BB7EF /* qaUITests */ = {
			isa = PBXGroup;
			children = (
				5CFAC02F2B67BBC3007BB7EF /* qaUITests.swift */,
				5CFAC0312B67BBC3007BB7EF /* qaUITestsLaunchTests.swift */,
			);
			path = qaUITests;
			sourceTree = "<group>";
		};
/* End PBXGroup section */

/* Begin PBXNativeTarget section */
		5CFAC0072B67BBC2007BB7EF /* qa */ = {
			isa = PBXNativeTarget;
			buildConfigurationList = 5CFAC0352B67BBC3007BB7EF /* Build configuration list for PBXNativeTarget "qa" */;
			buildPhases = (
				5CFAC0042B67BBC2007BB7EF /* Sources */,
				5CFAC0052B67BBC2007BB7EF /* Frameworks */,
				5CFAC0062B67BBC2007BB7EF /* Resources */,
			);
			buildRules = (
			);
			dependencies = (
			);
			name = qa;
			productName = qa;
			productReference = 5CFAC0082B67BBC2007BB7EF /* qa.app */;
			productType = "com.apple.product-type.application";
		};
		5CFAC0202B67BBC3007BB7EF /* qaTests */ = {
			isa = PBXNativeTarget;
			buildConfigurationList = 5CFAC0382B67BBC3007BB7EF /* Build configuration list for PBXNativeTarget "qaTests" */;
			buildPhases = (
				5CFAC01D2B67BBC3007BB7EF /* Sources */,
				5CFAC01E2B67BBC3007BB7EF /* Frameworks */,
				5CFAC01F2B67BBC3007BB7EF /* Resources */,
			);
			buildRules = (
			);
			dependencies = (
				5CFAC0232B67BBC3007BB7EF /* PBXTargetDependency */,
			);
			name = qaTests;
			productName = qaTests;
			productReference = 5CFAC0212B67BBC3007BB7EF /* qaTests.xctest */;
			productType = "com.apple.product-type.bundle.unit-test";
		};
		5CFAC02A2B67BBC3007BB7EF /* qaUITests */ = {
			isa = PBXNativeTarget;
			buildConfigurationList = 5CFAC03B2B67BBC3007BB7EF /* Build configuration list for PBXNativeTarget "qaUITests" */;
			buildPhases = (
				5CFAC0272B67BBC3007BB7EF /* Sources */,
				5CFAC0282B67BBC3007BB7EF /* Frameworks */,
				5CFAC0292B67BBC3007BB7EF /* Resources */,
			);
			buildRules = (
			);
			dependencies = (
				5CFAC02D2B67BBC3007BB7EF /* PBXTargetDependency */,
			);
			name = qaUITests;
			productName = qaUITests;
			productReference = 5CFAC02B2B67BBC3007BB7EF /* qaUITests.xctest */;
			productType = "com.apple.product-type.bundle.ui-testing";
		};
/* End PBXNativeTarget section */

/* Begin PBXProject section */
		5CFAC0002B67BBC2007BB7EF /* Project object */ = {
			isa = PBXProject;
			attributes = {
				BuildIndependentTargetsInParallel = 1;
				LastSwiftUpdateCheck = 1520;
				LastUpgradeCheck = 1520;
				TargetAttributes = {
					5CFAC0072B67BBC2007BB7EF = {
						CreatedOnToolsVersion = 15.2;
					};
					5CFAC0202B67BBC3007BB7EF = {
						CreatedOnToolsVersion = 15.2;
						TestTargetID = 5CFAC0072B67BBC2007BB7EF;
					};
					5CFAC02A2B67BBC3007BB7EF = {
						CreatedOnToolsVersion = 15.2;
						TestTargetID = 5CFAC0072B67BBC2007BB7EF;
					};
				};
			};
			buildConfigurationList = 5CFAC0032B67BBC2007BB7EF /* Build configuration list for PBXProject "qa" */;
			compatibilityVersion = "Xcode 14.0";
			developmentRegion = en;
			hasScannedForEncodings = 0;
			knownRegions = (
				en,
				Base,
			);
			mainGroup = 5CFABFFF2B67BBC2007BB7EF;
			productRefGroup = 5CFAC0092B67BBC2007BB7EF /* Products */;
			projectDirPath = "";
			projectRoot = "";
			targets = (
				5CFAC0072B67BBC2007BB7EF /* qa */,
				5CFAC0202B67BBC3007BB7EF /* qaTests */,
				5CFAC02A2B67BBC3007BB7EF /* qaUITests */,
			);
		};
/* End PBXProject section */

/* Begin PBXResourcesBuildPhase section */
		5CFAC0062B67BBC2007BB7EF /* Resources */ = {
			isa = PBXResourcesBuildPhase;
			buildActionMask = 2147483647;
			files = (
				5CED08F52B68E5AA00E84CC1 /* onboarding4.gif in Resources */,
				5C971C152B6906FC00E78452 /* goodending.wav in Resources */,
				5CED08F72B68E5BB00E84CC1 /* onboarding5.gif in Resources */,
				5CED08F92B68E5CC00E84CC1 /* onboarding6.gif in Resources */,
				5C971BF92B6902EE00E78452 /* KindlyRewind-BOon.ttf in Resources */,
				5C971C192B69070900E78452 /* librarypuzzle.mp3 in Resources */,
				5CFAC0172B67BBC2007BB7EF /* Main.storyboard in Resources */,
				5CFAC00E2B67BBC2007BB7EF /* GameScene.sks in Resources */,
				5CED08FD2B68E5E400E84CC1 /* onboarding1.gif in Resources */,
				5C971C212B69075500E78452 /* badending.wav in Resources */,
				5C971C112B6906F600E78452 /* normalforest.wav in Resources */,
				5CFAC0192B67BBC3007BB7EF /* Assets.xcassets in Resources */,
				5C971C0D2B6906E200E78452 /* onboarding.wav in Resources */,
				5CED08F02B68E56700E84CC1 /* onboarding3.gif in Resources */,
				5C971C1D2B69070E00E78452 /* mainpage.mp3 in Resources */,
				5CED08FB2B68E5D800E84CC1 /* onboarding7.gif in Resources */,
				5CFAC01C2B67BBC3007BB7EF /* LaunchScreen.storyboard in Resources */,
				5C971C252B69078600E78452 /* credits.wav in Resources */,
				5CFAC0102B67BBC2007BB7EF /* Actions.sks in Resources */,
				73D07A0B2B71041300E18671 /* onboarding2.gif in Resources */,
				5C971BF52B6902D900E78452 /* DiaryOfAn8BitMage-lYDD.ttf in Resources */,
			);
			runOnlyForDeploymentPostprocessing = 0;
		};
		5CFAC01F2B67BBC3007BB7EF /* Resources */ = {
			isa = PBXResourcesBuildPhase;
			buildActionMask = 2147483647;
			files = (
				5C971C042B69032500E78452 /* onboarding1.gif in Resources */,
				5C971C022B69032300E78452 /* onboarding6.gif in Resources */,
				5C971BFC2B69031800E78452 /* onboarding3.gif in Resources */,
				5C971C1E2B69070E00E78452 /* mainpage.mp3 in Resources */,
				5C971C222B69075500E78452 /* badending.wav in Resources */,
				5C971C262B69078600E78452 /* credits.wav in Resources */,
				5C971C162B6906FC00E78452 /* goodending.wav in Resources */,
				5C971C122B6906F600E78452 /* normalforest.wav in Resources */,
				5C971C1A2B69070900E78452 /* librarypuzzle.mp3 in Resources */,
				5C971C062B69032700E78452 /* onboarding5.gif in Resources */,
				5C971BFA2B6902EE00E78452 /* KindlyRewind-BOon.ttf in Resources */,
				5C971BFE2B69031E00E78452 /* onboarding4.gif in Resources */,
				5C971C002B69032000E78452 /* onboarding7.gif in Resources */,
				5C971BF62B6902D900E78452 /* DiaryOfAn8BitMage-lYDD.ttf in Resources */,
				5C971C0E2B6906E200E78452 /* onboarding.wav in Resources */,
			);
			runOnlyForDeploymentPostprocessing = 0;
		};
		5CFAC0292B67BBC3007BB7EF /* Resources */ = {
			isa = PBXResourcesBuildPhase;
			buildActionMask = 2147483647;
			files = (
				5C971C052B69032500E78452 /* onboarding1.gif in Resources */,
				5C971C032B69032300E78452 /* onboarding6.gif in Resources */,
				5C971BFD2B69031800E78452 /* onboarding3.gif in Resources */,
				5C971C1F2B69070E00E78452 /* mainpage.mp3 in Resources */,
				5C971C232B69075500E78452 /* badending.wav in Resources */,
				5C971C272B69078600E78452 /* credits.wav in Resources */,
				5C971C172B6906FC00E78452 /* goodending.wav in Resources */,
				5C971C132B6906F600E78452 /* normalforest.wav in Resources */,
				5C971C1B2B69070900E78452 /* librarypuzzle.mp3 in Resources */,
				5C971C072B69032800E78452 /* onboarding5.gif in Resources */,
				5C971BFB2B6902EE00E78452 /* KindlyRewind-BOon.ttf in Resources */,
				5C971BFF2B69031E00E78452 /* onboarding4.gif in Resources */,
				5C971C012B69032100E78452 /* onboarding7.gif in Resources */,
				5C971BF72B6902D900E78452 /* DiaryOfAn8BitMage-lYDD.ttf in Resources */,
				5C971C0F2B6906E200E78452 /* onboarding.wav in Resources */,
			);
			runOnlyForDeploymentPostprocessing = 0;
		};
/* End PBXResourcesBuildPhase section */

/* Begin PBXSourcesBuildPhase section */
		5CFAC0042B67BBC2007BB7EF /* Sources */ = {
			isa = PBXSourcesBuildPhase;
			buildActionMask = 2147483647;
			files = (
				73D07A042B71016500E18671 /* Onboarding2View.swift in Sources */,
				73D07A062B71016500E18671 /* PrologueView.swift in Sources */,
				73D07A092B71016500E18671 /* Onboarding6View.swift in Sources */,
				5CFAC0122B67BBC2007BB7EF /* GameScene.swift in Sources */,
				73D07A022B71016500E18671 /* GameScene1View.swift in Sources */,
				5CFAC0142B67BBC2007BB7EF /* GameViewController.swift in Sources */,
				73D07A052B71016500E18671 /* Onboarding5View.swift in Sources */,
				5CFAC00C2B67BBC2007BB7EF /* AppDelegate.swift in Sources */,
				73D07A0D2B7106AE00E18671 /* OnboardingMainView.swift in Sources */,
				73D07A032B71016500E18671 /* Onboarding7View.swift in Sources */,
				73D07A002B71016500E18671 /* LoadingView.swift in Sources */,
				73D07A082B71016500E18671 /* Onboarding3View.swift in Sources */,
				73D07A072B71016500E18671 /* Onboarding4View.swift in Sources */,
				73D079FF2B71016500E18671 /* Onboarding1View.swift in Sources */,
			);
			runOnlyForDeploymentPostprocessing = 0;
		};
		5CFAC01D2B67BBC3007BB7EF /* Sources */ = {
			isa = PBXSourcesBuildPhase;
			buildActionMask = 2147483647;
			files = (
				5CFAC0262B67BBC3007BB7EF /* qaTests.swift in Sources */,
			);
			runOnlyForDeploymentPostprocessing = 0;
		};
		5CFAC0272B67BBC3007BB7EF /* Sources */ = {
			isa = PBXSourcesBuildPhase;
			buildActionMask = 2147483647;
			files = (
				5CFAC0322B67BBC3007BB7EF /* qaUITestsLaunchTests.swift in Sources */,
				5CFAC0302B67BBC3007BB7EF /* qaUITests.swift in Sources */,
			);
			runOnlyForDeploymentPostprocessing = 0;
		};
/* End PBXSourcesBuildPhase section */

/* Begin PBXTargetDependency section */
		5CFAC0232B67BBC3007BB7EF /* PBXTargetDependency */ = {
			isa = PBXTargetDependency;
			target = 5CFAC0072B67BBC2007BB7EF /* qa */;
			targetProxy = 5CFAC0222B67BBC3007BB7EF /* PBXContainerItemProxy */;
		};
		5CFAC02D2B67BBC3007BB7EF /* PBXTargetDependency */ = {
			isa = PBXTargetDependency;
			target = 5CFAC0072B67BBC2007BB7EF /* qa */;
			targetProxy = 5CFAC02C2B67BBC3007BB7EF /* PBXContainerItemProxy */;
		};
/* End PBXTargetDependency section */

/* Begin PBXVariantGroup section */
		5CFAC0152B67BBC2007BB7EF /* Main.storyboard */ = {
			isa = PBXVariantGroup;
			children = (
				5CFAC0162B67BBC2007BB7EF /* Base */,
			);
			name = Main.storyboard;
			sourceTree = "<group>";
		};
		5CFAC01A2B67BBC3007BB7EF /* LaunchScreen.storyboard */ = {
			isa = PBXVariantGroup;
			children = (
				5CFAC01B2B67BBC3007BB7EF /* Base */,
			);
			name = LaunchScreen.storyboard;
			sourceTree = "<group>";
		};
/* End PBXVariantGroup section */

/* Begin XCBuildConfiguration section */
		5CFAC0332B67BBC3007BB7EF /* Debug */ = {
			isa = XCBuildConfiguration;
			buildSettings = {
				ALWAYS_SEARCH_USER_PATHS = NO;
				ASSETCATALOG_COMPILER_GENERATE_SWIFT_ASSET_SYMBOL_EXTENSIONS = YES;
				CLANG_ANALYZER_NONNULL = YES;
				CLANG_ANALYZER_NUMBER_OBJECT_CONVERSION = YES_AGGRESSIVE;
				CLANG_CXX_LANGUAGE_STANDARD = "gnu++20";
				CLANG_ENABLE_MODULES = YES;
				CLANG_ENABLE_OBJC_ARC = YES;
				CLANG_ENABLE_OBJC_WEAK = YES;
				CLANG_WARN_BLOCK_CAPTURE_AUTORELEASING = YES;
				CLANG_WARN_BOOL_CONVERSION = YES;
				CLANG_WARN_COMMA = YES;
				CLANG_WARN_CONSTANT_CONVERSION = YES;
				CLANG_WARN_DEPRECATED_OBJC_IMPLEMENTATIONS = YES;
				CLANG_WARN_DIRECT_OBJC_ISA_USAGE = YES_ERROR;
				CLANG_WARN_DOCUMENTATION_COMMENTS = YES;
				CLANG_WARN_EMPTY_BODY = YES;
				CLANG_WARN_ENUM_CONVERSION = YES;
				CLANG_WARN_INFINITE_RECURSION = YES;
				CLANG_WARN_INT_CONVERSION = YES;
				CLANG_WARN_NON_LITERAL_NULL_CONVERSION = YES;
				CLANG_WARN_OBJC_IMPLICIT_RETAIN_SELF = YES;
				CLANG_WARN_OBJC_LITERAL_CONVERSION = YES;
				CLANG_WARN_OBJC_ROOT_CLASS = YES_ERROR;
				CLANG_WARN_QUOTED_INCLUDE_IN_FRAMEWORK_HEADER = YES;
				CLANG_WARN_RANGE_LOOP_ANALYSIS = YES;
				CLANG_WARN_STRICT_PROTOTYPES = YES;
				CLANG_WARN_SUSPICIOUS_MOVE = YES;
				CLANG_WARN_UNGUARDED_AVAILABILITY = YES_AGGRESSIVE;
				CLANG_WARN_UNREACHABLE_CODE = YES;
				CLANG_WARN__DUPLICATE_METHOD_MATCH = YES;
				COPY_PHASE_STRIP = NO;
				DEBUG_INFORMATION_FORMAT = dwarf;
				ENABLE_STRICT_OBJC_MSGSEND = YES;
				ENABLE_TESTABILITY = YES;
				ENABLE_USER_SCRIPT_SANDBOXING = YES;
				GCC_C_LANGUAGE_STANDARD = gnu17;
				GCC_DYNAMIC_NO_PIC = NO;
				GCC_NO_COMMON_BLOCKS = YES;
				GCC_OPTIMIZATION_LEVEL = 0;
				GCC_PREPROCESSOR_DEFINITIONS = (
					"DEBUG=1",
					"$(inherited)",
				);
				GCC_WARN_64_TO_32_BIT_CONVERSION = YES;
				GCC_WARN_ABOUT_RETURN_TYPE = YES_ERROR;
				GCC_WARN_UNDECLARED_SELECTOR = YES;
				GCC_WARN_UNINITIALIZED_AUTOS = YES_AGGRESSIVE;
				GCC_WARN_UNUSED_FUNCTION = YES;
				GCC_WARN_UNUSED_VARIABLE = YES;
				IPHONEOS_DEPLOYMENT_TARGET = 17.2;
				LOCALIZATION_PREFERS_STRING_CATALOGS = YES;
				MTL_ENABLE_DEBUG_INFO = INCLUDE_SOURCE;
				MTL_FAST_MATH = YES;
				ONLY_ACTIVE_ARCH = YES;
				SDKROOT = iphoneos;
				SWIFT_ACTIVE_COMPILATION_CONDITIONS = "DEBUG $(inherited)";
				SWIFT_OPTIMIZATION_LEVEL = "-Onone";
			};
			name = Debug;
		};
		5CFAC0342B67BBC3007BB7EF /* Release */ = {
			isa = XCBuildConfiguration;
			buildSettings = {
				ALWAYS_SEARCH_USER_PATHS = NO;
				ASSETCATALOG_COMPILER_GENERATE_SWIFT_ASSET_SYMBOL_EXTENSIONS = YES;
				CLANG_ANALYZER_NONNULL = YES;
				CLANG_ANALYZER_NUMBER_OBJECT_CONVERSION = YES_AGGRESSIVE;
				CLANG_CXX_LANGUAGE_STANDARD = "gnu++20";
				CLANG_ENABLE_MODULES = YES;
				CLANG_ENABLE_OBJC_ARC = YES;
				CLANG_ENABLE_OBJC_WEAK = YES;
				CLANG_WARN_BLOCK_CAPTURE_AUTORELEASING = YES;
				CLANG_WARN_BOOL_CONVERSION = YES;
				CLANG_WARN_COMMA = YES;
				CLANG_WARN_CONSTANT_CONVERSION = YES;
				CLANG_WARN_DEPRECATED_OBJC_IMPLEMENTATIONS = YES;
				CLANG_WARN_DIRECT_OBJC_ISA_USAGE = YES_ERROR;
				CLANG_WARN_DOCUMENTATION_COMMENTS = YES;
				CLANG_WARN_EMPTY_BODY = YES;
				CLANG_WARN_ENUM_CONVERSION = YES;
				CLANG_WARN_INFINITE_RECURSION = YES;
				CLANG_WARN_INT_CONVERSION = YES;
				CLANG_WARN_NON_LITERAL_NULL_CONVERSION = YES;
				CLANG_WARN_OBJC_IMPLICIT_RETAIN_SELF = YES;
				CLANG_WARN_OBJC_LITERAL_CONVERSION = YES;
				CLANG_WARN_OBJC_ROOT_CLASS = YES_ERROR;
				CLANG_WARN_QUOTED_INCLUDE_IN_FRAMEWORK_HEADER = YES;
				CLANG_WARN_RANGE_LOOP_ANALYSIS = YES;
				CLANG_WARN_STRICT_PROTOTYPES = YES;
				CLANG_WARN_SUSPICIOUS_MOVE = YES;
				CLANG_WARN_UNGUARDED_AVAILABILITY = YES_AGGRESSIVE;
				CLANG_WARN_UNREACHABLE_CODE = YES;
				CLANG_WARN__DUPLICATE_METHOD_MATCH = YES;
				COPY_PHASE_STRIP = NO;
				DEBUG_INFORMATION_FORMAT = "dwarf-with-dsym";
				ENABLE_NS_ASSERTIONS = NO;
				ENABLE_STRICT_OBJC_MSGSEND = YES;
				ENABLE_USER_SCRIPT_SANDBOXING = YES;
				GCC_C_LANGUAGE_STANDARD = gnu17;
				GCC_NO_COMMON_BLOCKS = YES;
				GCC_WARN_64_TO_32_BIT_CONVERSION = YES;
				GCC_WARN_ABOUT_RETURN_TYPE = YES_ERROR;
				GCC_WARN_UNDECLARED_SELECTOR = YES;
				GCC_WARN_UNINITIALIZED_AUTOS = YES_AGGRESSIVE;
				GCC_WARN_UNUSED_FUNCTION = YES;
				GCC_WARN_UNUSED_VARIABLE = YES;
				IPHONEOS_DEPLOYMENT_TARGET = 17.2;
				LOCALIZATION_PREFERS_STRING_CATALOGS = YES;
				MTL_ENABLE_DEBUG_INFO = NO;
				MTL_FAST_MATH = YES;
				SDKROOT = iphoneos;
				SWIFT_COMPILATION_MODE = wholemodule;
				VALIDATE_PRODUCT = YES;
			};
			name = Release;
		};
		5CFAC0362B67BBC3007BB7EF /* Debug */ = {
			isa = XCBuildConfiguration;
			buildSettings = {
				ASSETCATALOG_COMPILER_APPICON_NAME = AppIcon;
				ASSETCATALOG_COMPILER_GLOBAL_ACCENT_COLOR_NAME = AccentColor;
				CODE_SIGN_STYLE = Automatic;
				CURRENT_PROJECT_VERSION = 1;
				DEVELOPMENT_TEAM = QY3XBP7588;
				GENERATE_INFOPLIST_FILE = YES;
				INFOPLIST_FILE = qa/Info.plist;
				INFOPLIST_KEY_UIApplicationSupportsIndirectInputEvents = YES;
				INFOPLIST_KEY_UILaunchStoryboardName = LaunchScreen;
				INFOPLIST_KEY_UIMainStoryboardFile = Main;
				INFOPLIST_KEY_UIStatusBarHidden = YES;
				INFOPLIST_KEY_UISupportedInterfaceOrientations_iPad = "UIInterfaceOrientationPortrait UIInterfaceOrientationPortraitUpsideDown UIInterfaceOrientationLandscapeLeft UIInterfaceOrientationLandscapeRight";
				INFOPLIST_KEY_UISupportedInterfaceOrientations_iPhone = "UIInterfaceOrientationPortrait UIInterfaceOrientationLandscapeLeft UIInterfaceOrientationLandscapeRight";
				LD_RUNPATH_SEARCH_PATHS = (
					"$(inherited)",
					"@executable_path/Frameworks",
				);
				MARKETING_VERSION = 1.0;
				PRODUCT_BUNDLE_IDENTIFIER = ra.qa;
				PRODUCT_NAME = "$(TARGET_NAME)";
				SWIFT_EMIT_LOC_STRINGS = YES;
				SWIFT_VERSION = 5.0;
				TARGETED_DEVICE_FAMILY = "1,2";
			};
			name = Debug;
		};
		5CFAC0372B67BBC3007BB7EF /* Release */ = {
			isa = XCBuildConfiguration;
			buildSettings = {
				ASSETCATALOG_COMPILER_APPICON_NAME = AppIcon;
				ASSETCATALOG_COMPILER_GLOBAL_ACCENT_COLOR_NAME = AccentColor;
				CODE_SIGN_STYLE = Automatic;
				CURRENT_PROJECT_VERSION = 1;
				DEVELOPMENT_TEAM = QY3XBP7588;
				GENERATE_INFOPLIST_FILE = YES;
				INFOPLIST_FILE = qa/Info.plist;
				INFOPLIST_KEY_UIApplicationSupportsIndirectInputEvents = YES;
				INFOPLIST_KEY_UILaunchStoryboardName = LaunchScreen;
				INFOPLIST_KEY_UIMainStoryboardFile = Main;
				INFOPLIST_KEY_UIStatusBarHidden = YES;
				INFOPLIST_KEY_UISupportedInterfaceOrientations_iPad = "UIInterfaceOrientationPortrait UIInterfaceOrientationPortraitUpsideDown UIInterfaceOrientationLandscapeLeft UIInterfaceOrientationLandscapeRight";
				INFOPLIST_KEY_UISupportedInterfaceOrientations_iPhone = "UIInterfaceOrientationPortrait UIInterfaceOrientationLandscapeLeft UIInterfaceOrientationLandscapeRight";
				LD_RUNPATH_SEARCH_PATHS = (
					"$(inherited)",
					"@executable_path/Frameworks",
				);
				MARKETING_VERSION = 1.0;
				PRODUCT_BUNDLE_IDENTIFIER = ra.qa;
				PRODUCT_NAME = "$(TARGET_NAME)";
				SWIFT_EMIT_LOC_STRINGS = YES;
				SWIFT_VERSION = 5.0;
				TARGETED_DEVICE_FAMILY = "1,2";
			};
			name = Release;
		};
		5CFAC0392B67BBC3007BB7EF /* Debug */ = {
			isa = XCBuildConfiguration;
			buildSettings = {
				ALWAYS_EMBED_SWIFT_STANDARD_LIBRARIES = YES;
				BUNDLE_LOADER = "$(TEST_HOST)";
				CODE_SIGN_STYLE = Automatic;
				CURRENT_PROJECT_VERSION = 1;
				DEVELOPMENT_TEAM = QY3XBP7588;
				GENERATE_INFOPLIST_FILE = YES;
				IPHONEOS_DEPLOYMENT_TARGET = 17.2;
				MARKETING_VERSION = 1.0;
				PRODUCT_BUNDLE_IDENTIFIER = ra.qaTests;
				PRODUCT_NAME = "$(TARGET_NAME)";
				SWIFT_EMIT_LOC_STRINGS = NO;
				SWIFT_VERSION = 5.0;
				TARGETED_DEVICE_FAMILY = "1,2";
				TEST_HOST = "$(BUILT_PRODUCTS_DIR)/qa.app/$(BUNDLE_EXECUTABLE_FOLDER_PATH)/qa";
			};
			name = Debug;
		};
		5CFAC03A2B67BBC3007BB7EF /* Release */ = {
			isa = XCBuildConfiguration;
			buildSettings = {
				ALWAYS_EMBED_SWIFT_STANDARD_LIBRARIES = YES;
				BUNDLE_LOADER = "$(TEST_HOST)";
				CODE_SIGN_STYLE = Automatic;
				CURRENT_PROJECT_VERSION = 1;
				DEVELOPMENT_TEAM = QY3XBP7588;
				GENERATE_INFOPLIST_FILE = YES;
				IPHONEOS_DEPLOYMENT_TARGET = 17.2;
				MARKETING_VERSION = 1.0;
				PRODUCT_BUNDLE_IDENTIFIER = ra.qaTests;
				PRODUCT_NAME = "$(TARGET_NAME)";
				SWIFT_EMIT_LOC_STRINGS = NO;
				SWIFT_VERSION = 5.0;
				TARGETED_DEVICE_FAMILY = "1,2";
				TEST_HOST = "$(BUILT_PRODUCTS_DIR)/qa.app/$(BUNDLE_EXECUTABLE_FOLDER_PATH)/qa";
			};
			name = Release;
		};
		5CFAC03C2B67BBC3007BB7EF /* Debug */ = {
			isa = XCBuildConfiguration;
			buildSettings = {
				ALWAYS_EMBED_SWIFT_STANDARD_LIBRARIES = YES;
				CODE_SIGN_STYLE = Automatic;
				CURRENT_PROJECT_VERSION = 1;
				DEVELOPMENT_TEAM = QY3XBP7588;
				GENERATE_INFOPLIST_FILE = YES;
				MARKETING_VERSION = 1.0;
				PRODUCT_BUNDLE_IDENTIFIER = ra.qaUITests;
				PRODUCT_NAME = "$(TARGET_NAME)";
				SWIFT_EMIT_LOC_STRINGS = NO;
				SWIFT_VERSION = 5.0;
				TARGETED_DEVICE_FAMILY = "1,2";
				TEST_TARGET_NAME = qa;
			};
			name = Debug;
		};
		5CFAC03D2B67BBC3007BB7EF /* Release */ = {
			isa = XCBuildConfiguration;
			buildSettings = {
				ALWAYS_EMBED_SWIFT_STANDARD_LIBRARIES = YES;
				CODE_SIGN_STYLE = Automatic;
				CURRENT_PROJECT_VERSION = 1;
				DEVELOPMENT_TEAM = QY3XBP7588;
				GENERATE_INFOPLIST_FILE = YES;
				MARKETING_VERSION = 1.0;
				PRODUCT_BUNDLE_IDENTIFIER = ra.qaUITests;
				PRODUCT_NAME = "$(TARGET_NAME)";
				SWIFT_EMIT_LOC_STRINGS = NO;
				SWIFT_VERSION = 5.0;
				TARGETED_DEVICE_FAMILY = "1,2";
				TEST_TARGET_NAME = qa;
			};
			name = Release;
		};
/* End XCBuildConfiguration section */

/* Begin XCConfigurationList section */
		5CFAC0032B67BBC2007BB7EF /* Build configuration list for PBXProject "qa" */ = {
			isa = XCConfigurationList;
			buildConfigurations = (
				5CFAC0332B67BBC3007BB7EF /* Debug */,
				5CFAC0342B67BBC3007BB7EF /* Release */,
			);
			defaultConfigurationIsVisible = 0;
			defaultConfigurationName = Release;
		};
		5CFAC0352B67BBC3007BB7EF /* Build configuration list for PBXNativeTarget "qa" */ = {
			isa = XCConfigurationList;
			buildConfigurations = (
				5CFAC0362B67BBC3007BB7EF /* Debug */,
				5CFAC0372B67BBC3007BB7EF /* Release */,
			);
			defaultConfigurationIsVisible = 0;
			defaultConfigurationName = Release;
		};
		5CFAC0382B67BBC3007BB7EF /* Build configuration list for PBXNativeTarget "qaTests" */ = {
			isa = XCConfigurationList;
			buildConfigurations = (
				5CFAC0392B67BBC3007BB7EF /* Debug */,
				5CFAC03A2B67BBC3007BB7EF /* Release */,
			);
			defaultConfigurationIsVisible = 0;
			defaultConfigurationName = Release;
		};
		5CFAC03B2B67BBC3007BB7EF /* Build configuration list for PBXNativeTarget "qaUITests" */ = {
			isa = XCConfigurationList;
			buildConfigurations = (
				5CFAC03C2B67BBC3007BB7EF /* Debug */,
				5CFAC03D2B67BBC3007BB7EF /* Release */,
			);
			defaultConfigurationIsVisible = 0;
			defaultConfigurationName = Release;
		};
/* End XCConfigurationList section */
	};
	rootObject = 5CFAC0002B67BBC2007BB7EF /* Project object */;
}
